{
    "_readme": [
        "This file locks the dependencies of your project to a known state",
        "Read more about it at https://getcomposer.org/doc/01-basic-usage.md#installing-dependencies",
        "This file is @generated automatically"
    ],
    "content-hash": "be48f3333c65f59dc6e494bbd74ea525",
    "packages": [
        {
            "name": "tecnickcom/tc-lib-barcode",
            "version": "2.2.1",
            "source": {
                "type": "git",
                "url": "https://github.com/tecnickcom/tc-lib-barcode.git",
                "reference": "6877202fe7b3f746f22032e22d454c60c3db20fc"
            },
            "dist": {
                "type": "zip",
                "url": "https://api.github.com/repos/tecnickcom/tc-lib-barcode/zipball/6877202fe7b3f746f22032e22d454c60c3db20fc",
                "reference": "6877202fe7b3f746f22032e22d454c60c3db20fc",
                "shasum": ""
            },
            "require": {
                "ext-bcmath": "*",
                "ext-date": "*",
                "ext-gd": "*",
                "ext-pcre": "*",
                "php": ">=8.0",
                "tecnickcom/tc-lib-color": "^2.0"
            },
            "require-dev": {
                "pdepend/pdepend": "2.13.0",
                "phpmd/phpmd": "2.13.0",
                "phpunit/phpunit": "10.1.2 || 9.6.13",
                "squizlabs/php_codesniffer": "3.7.2"
            },
            "type": "library",
            "autoload": {
                "psr-4": {
                    "Com\\Tecnick\\Barcode\\": "src"
                }
            },
            "notification-url": "https://packagist.org/downloads/",
            "license": [
                "LGPL-3.0-or-later"
            ],
            "authors": [
                {
                    "name": "Nicola Asuni",
                    "email": "info@tecnick.com",
                    "role": "lead"
                }
            ],
            "description": "PHP library to generate linear and bidimensional barcodes",
            "homepage": "http://www.tecnick.com",
            "keywords": [
                "3 of 9",
                "ANSI MH10.8M-1983",
                "CBC",
                "CODABAR",
                "CODE 11",
                "CODE 128 A B C",
                "CODE 39",
                "CODE 93",
                "EAN 13",
                "EAN 8",
                "ECC200",
                "ISO IEC 15438 2006",
                "ISO IEC 16022",
                "ISO IEC 24778 2008",
                "Intelligent Mail Barcode",
                "Interleaved 2 of 5",
                "KIX",
                "Klant",
                "MSI",
                "Onecode",
                "PHARMACODE",
                "PHARMACODE TWO-TRACKS",
                "POSTNET",
                "RMS4CC",
                "Standard 2 of 5",
                "UPC-A",
                "UPC-E",
                "USD-3",
                "USPS-B-3200",
                "USS-93",
                "aztec",
                "barcode",
                "datamatrix",
                "pdf417",
                "planet",
                "qr-code",
                "royal mail",
                "tc-lib-barcode",
                "upc"
            ],
            "support": {
                "issues": "https://github.com/tecnickcom/tc-lib-barcode/issues",
                "source": "https://github.com/tecnickcom/tc-lib-barcode/tree/2.2.1"
            },
            "funding": [
                {
                    "url": "https://www.paypal.com/cgi-bin/webscr?cmd=_donations&currency_code=GBP&business=paypal@tecnick.com&item_name=donation%20for%20tc-lib-barcode%20project",
                    "type": "custom"
                }
            ],
            "time": "2024-04-12T04:55:21+00:00"
        },
        {
            "name": "tecnickcom/tc-lib-color",
            "version": "2.0.8",
            "source": {
                "type": "git",
                "url": "https://github.com/tecnickcom/tc-lib-color.git",
                "reference": "62a67d7795a3d303e5029dd3ffc7b2d5f8bf614b"
            },
            "dist": {
                "type": "zip",
                "url": "https://api.github.com/repos/tecnickcom/tc-lib-color/zipball/62a67d7795a3d303e5029dd3ffc7b2d5f8bf614b",
                "reference": "62a67d7795a3d303e5029dd3ffc7b2d5f8bf614b",
                "shasum": ""
            },
            "require": {
                "ext-pcre": "*",
                "php": ">=8.0"
            },
            "require-dev": {
                "pdepend/pdepend": "2.13.0",
                "phpmd/phpmd": "2.13.0",
                "phpunit/phpunit": "10.1.2 || 9.6.13",
                "squizlabs/php_codesniffer": "3.7.2"
            },
            "type": "library",
            "autoload": {
                "psr-4": {
                    "Com\\Tecnick\\Color\\": "src"
                }
            },
            "notification-url": "https://packagist.org/downloads/",
            "license": [
                "LGPL-3.0-or-later"
            ],
            "authors": [
                {
                    "name": "Nicola Asuni",
                    "email": "info@tecnick.com",
                    "role": "lead"
                }
            ],
            "description": "PHP library to manipulate various color representations",
            "homepage": "http://www.tecnick.com",
            "keywords": [
                "cmyk",
                "color",
                "colors",
                "colour",
                "colours",
                "hsl",
                "hsla",
                "javascript",
                "rgb",
                "rgba",
                "tc-lib-color",
                "web"
            ],
            "support": {
                "issues": "https://github.com/tecnickcom/tc-lib-color/issues",
                "source": "https://github.com/tecnickcom/tc-lib-color/tree/2.0.8"
            },
            "funding": [
                {
                    "url": "https://www.paypal.com/cgi-bin/webscr?cmd=_donations&currency_code=GBP&business=paypal@tecnick.com&item_name=donation%20for%20tc-lib-color%20project",
                    "type": "custom"
                }
            ],
            "time": "2024-04-12T04:53:29+00:00"
        },
        {
            "name": "tecnickcom/tc-lib-file",
            "version": "2.0.11",
            "source": {
                "type": "git",
                "url": "https://github.com/tecnickcom/tc-lib-file.git",
                "reference": "ddd3a2d99b4c6c45a98a2a456fe3184242a476f0"
            },
            "dist": {
                "type": "zip",
                "url": "https://api.github.com/repos/tecnickcom/tc-lib-file/zipball/ddd3a2d99b4c6c45a98a2a456fe3184242a476f0",
                "reference": "ddd3a2d99b4c6c45a98a2a456fe3184242a476f0",
                "shasum": ""
            },
            "require": {
                "ext-curl": "*",
                "ext-pcre": "*",
                "php": ">=8.0"
            },
            "require-dev": {
                "pdepend/pdepend": "2.13.0",
                "phpmd/phpmd": "2.13.0",
                "phpunit/phpunit": "10.1.2 || 9.6.13",
                "squizlabs/php_codesniffer": "3.7.2"
            },
            "type": "library",
            "autoload": {
                "psr-4": {
                    "Com\\Tecnick\\File\\": "src"
                }
            },
            "notification-url": "https://packagist.org/downloads/",
            "license": [
                "LGPL-3.0-or-later"
            ],
            "authors": [
                {
                    "name": "Nicola Asuni",
                    "email": "info@tecnick.com",
                    "role": "lead"
                }
            ],
            "description": "PHP library to read byte-level data from files",
            "homepage": "http://www.tecnick.com",
            "keywords": [
                "Double",
                "bit",
                "byte",
                "file",
                "long",
                "read",
                "short",
                "tc-lib-file"
            ],
            "support": {
                "issues": "https://github.com/tecnickcom/tc-lib-file/issues",
                "source": "https://github.com/tecnickcom/tc-lib-file/tree/2.0.11"
            },
            "funding": [
                {
                    "url": "https://www.paypal.com/cgi-bin/webscr?cmd=_donations&currency_code=GBP&business=paypal@tecnick.com&item_name=donation%20for%20tc-lib-file%20project",
                    "type": "custom"
                }
            ],
            "time": "2024-04-12T04:53:43+00:00"
        },
        {
            "name": "tecnickcom/tc-lib-pdf",
            "version": "8.0.60",
            "source": {
                "type": "git",
                "url": "https://github.com/tecnickcom/tc-lib-pdf.git",
                "reference": "d46e20edf270273834773a1af4e6b4502a93630a"
            },
            "dist": {
                "type": "zip",
                "url": "https://api.github.com/repos/tecnickcom/tc-lib-pdf/zipball/d46e20edf270273834773a1af4e6b4502a93630a",
                "reference": "d46e20edf270273834773a1af4e6b4502a93630a",
                "shasum": ""
            },
            "require": {
                "ext-date": "*",
                "ext-pcre": "*",
                "php": ">=8.0",
                "tecnickcom/tc-lib-barcode": "^2.2",
                "tecnickcom/tc-lib-color": "^2.0",
                "tecnickcom/tc-lib-file": "^2.0",
                "tecnickcom/tc-lib-pdf-encrypt": "^2.1",
                "tecnickcom/tc-lib-pdf-font": "^2.2",
                "tecnickcom/tc-lib-pdf-graph": "^2.0",
                "tecnickcom/tc-lib-pdf-image": "^2.0",
                "tecnickcom/tc-lib-pdf-page": "^4.0",
                "tecnickcom/tc-lib-unicode": "^2.0",
                "tecnickcom/tc-lib-unicode-data": "^2.0"
            },
            "require-dev": {
                "pdepend/pdepend": "2.13.0",
                "phpmd/phpmd": "2.13.0",
                "phpunit/phpunit": "10.1.2 || 9.6.13",
                "squizlabs/php_codesniffer": "3.7.2"
            },
            "type": "library",
            "autoload": {
                "psr-4": {
                    "Com\\Tecnick\\Pdf\\": "src"
                }
            },
            "notification-url": "https://packagist.org/downloads/",
            "license": [
                "LGPL-3.0-or-later"
            ],
            "authors": [
                {
                    "name": "Nicola Asuni",
                    "email": "info@tecnick.com",
                    "role": "lead"
                }
            ],
            "description": "PHP PDF Library",
            "homepage": "http://www.tecnick.com",
            "keywords": [
                "PDFD32000-2008",
                "TCPDF",
                "document",
                "pdf",
                "tc-lib-pdf"
            ],
            "support": {
                "issues": "https://github.com/tecnickcom/tc-lib-pdf/issues",
                "source": "https://github.com/tecnickcom/tc-lib-pdf/tree/8.0.60"
            },
            "funding": [
                {
                    "url": "https://www.paypal.com/cgi-bin/webscr?cmd=_donations&currency_code=GBP&business=paypal@tecnick.com&item_name=donation%20for%20tc-lib-pdf%20project",
                    "type": "custom"
                }
            ],
            "time": "2024-04-12T04:58:43+00:00"
        },
        {
            "name": "tecnickcom/tc-lib-pdf-encrypt",
            "version": "2.1.2",
            "source": {
                "type": "git",
                "url": "https://github.com/tecnickcom/tc-lib-pdf-encrypt.git",
                "reference": "20dc0dc1c0a19ae7caee3445ac10db2f96574118"
            },
            "dist": {
                "type": "zip",
                "url": "https://api.github.com/repos/tecnickcom/tc-lib-pdf-encrypt/zipball/20dc0dc1c0a19ae7caee3445ac10db2f96574118",
                "reference": "20dc0dc1c0a19ae7caee3445ac10db2f96574118",
                "shasum": ""
            },
            "require": {
                "ext-date": "*",
                "ext-hash": "*",
                "ext-openssl": "*",
                "ext-pcre": "*",
                "php": ">=8.0"
            },
            "require-dev": {
                "pdepend/pdepend": "2.13.0",
                "phpmd/phpmd": "2.13.0",
                "phpunit/phpunit": "10.1.2 || 9.6.13",
                "squizlabs/php_codesniffer": "3.7.2"
            },
            "suggest": {
                "ext-posix": "*"
            },
            "type": "library",
            "autoload": {
                "psr-4": {
                    "Com\\Tecnick\\Pdf\\Encrypt\\": "src"
                }
            },
            "notification-url": "https://packagist.org/downloads/",
            "license": [
                "LGPL-3.0-or-later"
            ],
            "authors": [
                {
                    "name": "Nicola Asuni",
                    "email": "info@tecnick.com",
                    "role": "lead"
                }
            ],
            "description": "PHP library to encrypt data for PDF",
            "homepage": "http://www.tecnick.com",
            "keywords": [
                "aes",
                "encrypt",
                "encryption",
                "pdf",
                "rc4",
                "tc-lib-pdf-encrypt"
            ],
            "support": {
                "issues": "https://github.com/tecnickcom/tc-lib-pdf-encrypt/issues",
                "source": "https://github.com/tecnickcom/tc-lib-pdf-encrypt/tree/2.1.2"
            },
            "funding": [
                {
                    "url": "https://www.paypal.com/cgi-bin/webscr?cmd=_donations&currency_code=GBP&business=paypal@tecnick.com&item_name=donation%20for%20tc-lib-pdf-encrypt%20project",
                    "type": "custom"
                }
            ],
            "time": "2024-04-12T04:54:00+00:00"
        },
        {
            "name": "tecnickcom/tc-lib-pdf-font",
            "version": "2.2.3",
            "source": {
                "type": "git",
                "url": "https://github.com/tecnickcom/tc-lib-pdf-font.git",
                "reference": "7e3591c5d4aa3c06d2916dda82a29685bd9b793d"
            },
            "dist": {
                "type": "zip",
                "url": "https://api.github.com/repos/tecnickcom/tc-lib-pdf-font/zipball/7e3591c5d4aa3c06d2916dda82a29685bd9b793d",
                "reference": "7e3591c5d4aa3c06d2916dda82a29685bd9b793d",
                "shasum": ""
            },
            "require": {
                "ext-json": "*",
                "ext-pcre": "*",
                "ext-zlib": "*",
                "php": ">=5.4.0",
                "tecnickcom/tc-lib-file": "^2.0",
                "tecnickcom/tc-lib-pdf-encrypt": "^2.1",
                "tecnickcom/tc-lib-unicode-data": "^2.0"
            },
            "require-dev": {
                "pdepend/pdepend": "2.13.0",
                "phpmd/phpmd": "2.13.0",
                "phpunit/phpunit": "10.1.2 || 9.6.13",
                "squizlabs/php_codesniffer": "3.7.2"
            },
            "type": "library",
            "autoload": {
                "psr-4": {
                    "Com\\Tecnick\\Pdf\\Font\\": "src"
                }
            },
            "notification-url": "https://packagist.org/downloads/",
            "license": [
                "LGPL-3.0-or-later"
            ],
            "authors": [
                {
                    "name": "Nicola Asuni",
                    "email": "info@tecnick.com",
                    "role": "lead"
                }
            ],
            "description": "PHP library containing PDF page formats and definitions",
            "homepage": "http://www.tecnick.com",
            "keywords": [
                "PFB",
                "afm",
                "font",
                "import",
                "pdf",
                "tc-lib-pdf-font",
                "ttf"
            ],
            "support": {
                "issues": "https://github.com/tecnickcom/tc-lib-pdf-font/issues",
                "source": "https://github.com/tecnickcom/tc-lib-pdf-font/tree/2.2.3"
            },
            "funding": [
                {
                    "url": "https://www.paypal.com/cgi-bin/webscr?cmd=_donations&currency_code=GBP&business=paypal@tecnick.com&item_name=donation%20for%20tc-lib-pdf-font%20project",
                    "type": "custom"
                }
            ],
            "time": "2024-04-12T04:57:44+00:00"
        },
        {
            "name": "tecnickcom/tc-lib-pdf-graph",
            "version": "2.0.12",
            "source": {
                "type": "git",
                "url": "https://github.com/tecnickcom/tc-lib-pdf-graph.git",
                "reference": "8727f40f95f03c550d90ae740bb420b2ae3682c4"
            },
            "dist": {
                "type": "zip",
                "url": "https://api.github.com/repos/tecnickcom/tc-lib-pdf-graph/zipball/8727f40f95f03c550d90ae740bb420b2ae3682c4",
                "reference": "8727f40f95f03c550d90ae740bb420b2ae3682c4",
                "shasum": ""
            },
            "require": {
                "ext-zlib": "*",
                "php": ">=8.0",
                "tecnickcom/tc-lib-color": "^2.0",
                "tecnickcom/tc-lib-pdf-encrypt": "^2.1"
            },
            "require-dev": {
                "pdepend/pdepend": "2.13.0",
                "phpmd/phpmd": "2.13.0",
                "phpunit/phpunit": "10.1.2 || 9.6.13",
                "squizlabs/php_codesniffer": "3.7.2"
            },
            "type": "library",
            "autoload": {
                "psr-4": {
                    "Com\\Tecnick\\Pdf\\Graph\\": "src"
                }
            },
            "notification-url": "https://packagist.org/downloads/",
            "license": [
                "LGPL-3.0-or-later"
            ],
            "authors": [
                {
                    "name": "Nicola Asuni",
                    "email": "info@tecnick.com",
                    "role": "lead"
                }
            ],
            "description": "PHP library containing PDF graphic and geometric methods",
            "homepage": "http://www.tecnick.com",
            "keywords": [
                "geometry",
                "graphic",
                "pdf",
                "tc-lib-pdf-graph",
                "transformation"
            ],
            "support": {
                "issues": "https://github.com/tecnickcom/tc-lib-pdf-graph/issues",
                "source": "https://github.com/tecnickcom/tc-lib-pdf-graph/tree/2.0.12"
            },
            "funding": [
                {
                    "url": "https://www.paypal.com/cgi-bin/webscr?cmd=_donations&currency_code=GBP&business=paypal@tecnick.com&item_name=donation%20for%20tc-lib-pdf-graph%20project",
                    "type": "custom"
                }
            ],
            "time": "2024-04-12T04:56:35+00:00"
        },
        {
            "name": "tecnickcom/tc-lib-pdf-image",
            "version": "2.0.12",
            "source": {
                "type": "git",
                "url": "https://github.com/tecnickcom/tc-lib-pdf-image.git",
                "reference": "dae84ed9ecc0c90c815f9db0a66facbb2ef2c81c"
            },
            "dist": {
                "type": "zip",
                "url": "https://api.github.com/repos/tecnickcom/tc-lib-pdf-image/zipball/dae84ed9ecc0c90c815f9db0a66facbb2ef2c81c",
                "reference": "dae84ed9ecc0c90c815f9db0a66facbb2ef2c81c",
                "shasum": ""
            },
            "require": {
                "ext-gd": "*",
                "ext-zlib": "*",
                "php": ">=8.0",
                "tecnickcom/tc-lib-color": "^2.0",
                "tecnickcom/tc-lib-file": "^2.0",
                "tecnickcom/tc-lib-pdf-encrypt": "^2.1"
            },
            "require-dev": {
                "pdepend/pdepend": "2.13.0",
                "phpmd/phpmd": "2.13.0",
                "phpunit/phpunit": "10.1.2 || 9.6.13",
                "squizlabs/php_codesniffer": "3.7.2"
            },
            "type": "library",
            "autoload": {
                "psr-4": {
                    "Com\\Tecnick\\Pdf\\Image\\": "src"
                }
            },
            "notification-url": "https://packagist.org/downloads/",
            "license": [
                "LGPL-3.0-or-later"
            ],
            "authors": [
                {
                    "name": "Nicola Asuni",
                    "email": "info@tecnick.com",
                    "role": "lead"
                }
            ],
            "description": "PHP library containing PDF Image methods",
            "homepage": "http://www.tecnick.com",
            "keywords": [
                "image",
                "jpeg",
                "jpg",
                "pdf",
                "png",
                "tc-lib-pdf-image"
            ],
            "support": {
                "issues": "https://github.com/tecnickcom/tc-lib-pdf-image/issues",
                "source": "https://github.com/tecnickcom/tc-lib-pdf-image/tree/2.0.12"
            },
            "funding": [
                {
                    "url": "https://www.paypal.com/cgi-bin/webscr?cmd=_donations&currency_code=GBP&business=paypal@tecnick.com&item_name=donation%20for%20tc-lib-pdf-image%20project",
                    "type": "custom"
                }
            ],
            "time": "2024-04-12T04:56:54+00:00"
        },
        {
            "name": "tecnickcom/tc-lib-pdf-page",
            "version": "4.0.8",
            "source": {
                "type": "git",
                "url": "https://github.com/tecnickcom/tc-lib-pdf-page.git",
                "reference": "9f42eb77bad8d69b42d970decc2ec2c01a220b91"
            },
            "dist": {
                "type": "zip",
                "url": "https://api.github.com/repos/tecnickcom/tc-lib-pdf-page/zipball/9f42eb77bad8d69b42d970decc2ec2c01a220b91",
                "reference": "9f42eb77bad8d69b42d970decc2ec2c01a220b91",
                "shasum": ""
            },
            "require": {
                "ext-date": "*",
                "ext-zlib": "*",
                "php": ">=8.0",
                "tecnickcom/tc-lib-color": "^2.0",
                "tecnickcom/tc-lib-pdf-encrypt": "^2.1"
            },
            "require-dev": {
                "pdepend/pdepend": "2.13.0",
                "phpmd/phpmd": "2.13.0",
                "phpunit/phpunit": "10.1.2 || 9.6.13",
                "squizlabs/php_codesniffer": "3.7.2"
            },
            "type": "library",
            "autoload": {
                "psr-4": {
                    "Com\\Tecnick\\Pdf\\Page\\": "src"
                }
            },
            "notification-url": "https://packagist.org/downloads/",
            "license": [
                "LGPL-3.0-or-later"
            ],
            "authors": [
                {
                    "name": "Nicola Asuni",
                    "email": "info@tecnick.com",
                    "role": "lead"
                }
            ],
            "description": "PHP library containing PDF page formats and definitions",
            "homepage": "http://www.tecnick.com",
            "keywords": [
                "format",
                "page",
                "pdf",
                "tc-lib-pdf-page"
            ],
            "support": {
                "issues": "https://github.com/tecnickcom/tc-lib-pdf-page/issues",
                "source": "https://github.com/tecnickcom/tc-lib-pdf-page/tree/4.0.8"
            },
            "funding": [
                {
                    "url": "https://www.paypal.com/cgi-bin/webscr?cmd=_donations&currency_code=GBP&business=paypal@tecnick.com&item_name=donation%20for%20tc-lib-pdf-page%20project",
                    "type": "custom"
                }
            ],
            "time": "2024-04-12T04:56:18+00:00"
        },
        {
            "name": "tecnickcom/tc-lib-unicode",
            "version": "2.0.11",
            "source": {
                "type": "git",
                "url": "https://github.com/tecnickcom/tc-lib-unicode.git",
                "reference": "55b48356a7fdba80197dee14495c225b6fed7ad1"
            },
            "dist": {
                "type": "zip",
                "url": "https://api.github.com/repos/tecnickcom/tc-lib-unicode/zipball/55b48356a7fdba80197dee14495c225b6fed7ad1",
                "reference": "55b48356a7fdba80197dee14495c225b6fed7ad1",
                "shasum": ""
            },
            "require": {
                "ext-mbstring": "*",
                "ext-pcre": "*",
                "php": ">=8.0",
                "tecnickcom/tc-lib-unicode-data": "^2.0"
            },
            "require-dev": {
                "pdepend/pdepend": "2.13.0",
                "phpmd/phpmd": "2.13.0",
                "phpunit/phpunit": "10.1.2 || 9.6.13",
                "squizlabs/php_codesniffer": "3.7.2"
            },
            "type": "library",
            "autoload": {
                "psr-4": {
                    "Com\\Tecnick\\Unicode\\": "src"
                }
            },
            "notification-url": "https://packagist.org/downloads/",
            "license": [
                "LGPL-3.0-or-later"
            ],
            "authors": [
                {
                    "name": "Nicola Asuni",
                    "email": "info@tecnick.com",
                    "role": "lead"
                }
            ],
            "description": "PHP library containing Unicode methods",
            "homepage": "http://www.tecnick.com",
            "keywords": [
                "font",
                "pdf",
                "tc-lib-unicode",
                "unicode",
                "utf-8"
            ],
            "support": {
                "issues": "https://github.com/tecnickcom/tc-lib-unicode/issues",
                "source": "https://github.com/tecnickcom/tc-lib-unicode/tree/2.0.11"
            },
            "funding": [
                {
                    "url": "https://www.paypal.com/cgi-bin/webscr?cmd=_donations&currency_code=GBP&business=paypal@tecnick.com&item_name=donation%20for%20tc-lib-unicode%20project",
                    "type": "custom"
                }
            ],
            "time": "2024-04-12T04:56:01+00:00"
        },
        {
            "name": "tecnickcom/tc-lib-unicode-data",
            "version": "2.0.11",
            "source": {
                "type": "git",
                "url": "https://github.com/tecnickcom/tc-lib-unicode-data.git",
                "reference": "3f362142d4f15949d0a1946d63576bab588b484b"
            },
            "dist": {
                "type": "zip",
                "url": "https://api.github.com/repos/tecnickcom/tc-lib-unicode-data/zipball/3f362142d4f15949d0a1946d63576bab588b484b",
                "reference": "3f362142d4f15949d0a1946d63576bab588b484b",
                "shasum": ""
            },
            "require": {
                "php": ">=8.0"
            },
            "require-dev": {
                "pdepend/pdepend": "2.13.0",
                "phpmd/phpmd": "2.13.0",
                "phpunit/phpunit": "10.1.2 || 9.6.13",
                "squizlabs/php_codesniffer": "3.7.2"
            },
            "type": "library",
            "autoload": {
                "psr-4": {
                    "Com\\Tecnick\\Unicode\\Data\\": "src"
                }
            },
            "notification-url": "https://packagist.org/downloads/",
            "license": [
                "LGPL-3.0-or-later"
            ],
            "authors": [
                {
                    "name": "Nicola Asuni",
                    "email": "info@tecnick.com",
                    "role": "lead"
                }
            ],
            "description": "PHP library containing Unicode definitions",
            "homepage": "http://www.tecnick.com",
            "keywords": [
                "font",
                "pdf",
                "tc-lib-unicode-data",
                "unicode",
                "utf-8"
            ],
            "support": {
                "issues": "https://github.com/tecnickcom/tc-lib-unicode-data/issues",
                "source": "https://github.com/tecnickcom/tc-lib-unicode-data/tree/2.0.11"
            },
            "funding": [
                {
                    "url": "https://www.paypal.com/cgi-bin/webscr?cmd=_donations&currency_code=GBP&business=paypal@tecnick.com&item_name=donation%20for%20tc-lib-unicode-data%20project",
                    "type": "custom"
                }
            ],
            "time": "2024-04-12T04:54:37+00:00"
        }
    ],
    "packages-dev": [],
    "aliases": [],
    "minimum-stability": "stable",
    "stability-flags": [],
    "prefer-stable": false,
    "prefer-lowest": false,
    "platform": [],
    "platform-dev": [],
    "plugin-api-version": "2.6.0"
}
